
Microsoft Visual Studio Solution File, Format Version 12.00
# Visual Studio Version 17
VisualStudioVersion = 17.14.36408.4 d17.14
MinimumVisualStudioVersion = 10.0.40219.1
Project("{FAE04EC0-301F-11D3-BF4B-00C04F79EFBC}") = "Lab0prog", "Lab0prog\Lab0prog.csproj", "{3C9541EC-E8B4-4495-82CC-C944F532B8EB}"
EndProject
Global
	GlobalSection(SolutionConfigurationPlatforms) = preSolution
		Debug|Any CPU = Debug|Any CPU
		Release|Any CPU = Release|Any CPU
	EndGlobalSection
	GlobalSection(ProjectConfigurationPlatforms) = postSolution
		{3C9541EC-E8B4-4495-82CC-C944F532B8EB}.Debug|Any CPU.ActiveCfg = Debug|Any CPU
		{3C9541EC-E8B4-4495-82CC-C944F532B8EB}.Debug|Any CPU.Build.0 = Debug|Any CPU
		{3C9541EC-E8B4-4495-82CC-C944F532B8EB}.Release|Any CPU.ActiveCfg = Release|Any CPU
		{3C9541EC-E8B4-4495-82CC-C944F532B8EB}.Release|Any CPU.Build.0 = Release|Any CPU
	EndGlobalSection
	GlobalSection(SolutionProperties) = preSolution
		HideSolutionNode = FALSE
	EndGlobalSection
	GlobalSection(ExtensibilityGlobals) = postSolution
		SolutionGuid = {665BEF4E-7887-4337-8AAB-CE7C36E62927}
	EndGlobalSection
EndGlobal
